
Microsoft Visual Studio Solution File, Format Version 12.00
# Visual Studio Version 16
VisualStudioVersion = 16.0.31019.35
MinimumVisualStudioVersion = 10.0.40219.1
Project("{FAE04EC0-301F-11D3-BF4B-00C04F79EFBC}") = "LedCtrl", "LedCtrl\LedCtrl.csproj", "{8F68B96C-42A0-462D-8445-A6F48D41FC2C}"
EndProject
Global
	GlobalSection(SolutionConfigurationPlatforms) = preSolution
		Debug|Any CPU = Debug|Any CPU
		Release|Any CPU = Release|Any CPU
	EndGlobalSection
	GlobalSection(ProjectConfigurationPlatforms) = postSolution
		{8F68B96C-42A0-462D-8445-A6F48D41FC2C}.Debug|Any CPU.ActiveCfg = Debug|Any CPU
		{8F68B96C-42A0-462D-8445-A6F48D41FC2C}.Debug|Any CPU.Build.0 = Debug|Any CPU
		{8F68B96C-42A0-462D-8445-A6F48D41FC2C}.Release|Any CPU.ActiveCfg = Release|Any CPU
		{8F68B96C-42A0-462D-8445-A6F48D41FC2C}.Release|Any CPU.Build.0 = Release|Any CPU
	EndGlobalSection
	GlobalSection(SolutionProperties) = preSolution
		HideSolutionNode = FALSE
	EndGlobalSection
	GlobalSection(ExtensibilityGlobals) = postSolution
		SolutionGuid = {7AC6DA57-B4AD-4A88-AB9B-A2CEBBC774D5}
	EndGlobalSection
EndGlobal
